
Microsoft Visual Studio Solution File, Format Version 12.00
# Visual Studio Version 16
VisualStudioVersion = 16.0.32413.511
MinimumVisualStudioVersion = 10.0.40219.1
Project("{FAE04EC0-301F-11D3-BF4B-00C04F79EFBC}") = "QuanLyBanHang", "QuanLyBanHang.csproj", "{D4D548C3-64F9-4A6F-AAF7-7AC0CE515FF8}"
EndProject
Global
	GlobalSection(SolutionConfigurationPlatforms) = preSolution
		Debug|Any CPU = Debug|Any CPU
		Release|Any CPU = Release|Any CPU
	EndGlobalSection
	GlobalSection(ProjectConfigurationPlatforms) = postSolution
		{D4D548C3-64F9-4A6F-AAF7-7AC0CE515FF8}.Debug|Any CPU.ActiveCfg = Debug|Any CPU
		{D4D548C3-64F9-4A6F-AAF7-7AC0CE515FF8}.Debug|Any CPU.Build.0 = Debug|Any CPU
		{D4D548C3-64F9-4A6F-AAF7-7AC0CE515FF8}.Release|Any CPU.ActiveCfg = Release|Any CPU
		{D4D548C3-64F9-4A6F-AAF7-7AC0CE515FF8}.Release|Any CPU.Build.0 = Release|Any CPU
	EndGlobalSection
	GlobalSection(SolutionProperties) = preSolution
		HideSolutionNode = FALSE
	EndGlobalSection
	GlobalSection(ExtensibilityGlobals) = postSolution
		SolutionGuid = {69062995-57E3-4FC6-BE2A-40E534D666D9}
	EndGlobalSection
EndGlobal
